PODS:
  - Alamofire (5.4.4)
  - BaiduMapKit (6.0.0):
    - BaiduMapKit/Base (= 6.0.0)
    - BaiduMapKit/Cloud (= 6.0.0)
    - BaiduMapKit/Map (= 6.0.0)
    - BaiduMapKit/Search (= 6.0.0)
    - BaiduMapKit/Utils (= 6.0.0)
  - BaiduMapKit/Base (6.0.0)
  - BaiduMapKit/Cloud (6.0.0):
    - BaiduMapKit/Base
  - BaiduMapKit/Map (6.0.0):
    - BaiduMapKit/Base
  - BaiduMapKit/Search (6.0.0):
    - BaiduMapKit/Base
  - BaiduMapKit/Utils (6.0.0):
    - BaiduMapKit/Base
  - HandyJSON (5.0.2)
  - IQKeyboardManager (6.5.11)
  - JXBanner (0.3.6):
    - JXBanner/Banner (= 0.3.6)
    - JXBanner/PageControl (= 0.3.6)
  - JXBanner/Banner (0.3.6):
    - JXBanner/Banner/API (= 0.3.6)
    - JXBanner/Banner/Banner (= 0.3.6)
    - JXBanner/Banner/Cell (= 0.3.6)
    - JXBanner/Banner/Common (= 0.3.6)
    - JXBanner/Banner/Transform (= 0.3.6)
  - JXBanner/Banner/API (0.3.6):
    - JXBanner/Banner/Cell
    - JXBanner/PageControl
  - JXBanner/Banner/Banner (0.3.6):
    - JXBanner/Banner/API
    - JXBanner/Banner/Common
    - JXBanner/Banner/Transform
  - JXBanner/Banner/Cell (0.3.6)
  - JXBanner/Banner/Common (0.3.6)
  - JXBanner/Banner/Transform (0.3.6):
    - JXBanner/Banner/API
  - JXBanner/PageControl (0.3.6):
    - JXPageControl
  - JXPageControl (0.1.5):
    - JXPageControl/Common (= 0.1.5)
    - JXPageControl/Jump (= 0.1.5)
    - JXPageControl/Transform (= 0.1.5)
  - JXPageControl/Common (0.1.5)
  - JXPageControl/Jump (0.1.5):
    - JXPageControl/Common
  - JXPageControl/Transform (0.1.5):
    - JXPageControl/Common
  - JXPagingView (2.1.2):
    - JXPagingView/Pager (= 2.1.2)
    - JXPagingView/Paging (= 2.1.2)
  - JXPagingView/Pager (2.1.2)
  - JXPagingView/Paging (2.1.2)
  - JXSegmentedView (1.3.0)
  - LookinServer (1.1.5):
    - LookinServer/Core (= 1.1.5)
  - LookinServer/Core (1.1.5)
  - MJRefresh (3.7.5)
  - RTRootNavigationController (0.8.0):
    - RTRootNavigationController/Core (= 0.8.0)
  - RTRootNavigationController/Core (0.8.0)
  - SDWebImage/Core (5.15.6)
  - SDWebImage/MapKit (5.15.6):
    - SDWebImage/Core
  - SnapKit (5.6.0)
  - SVProgressHUD (2.2.5)
  - TZImagePickerController (3.8.3):
    - TZImagePickerController/Basic (= 3.8.3)
    - TZImagePickerController/Location (= 3.8.3)
  - TZImagePickerController/Basic (3.8.3)
  - TZImagePickerController/Location (3.8.3)
  - YYText (1.0.7)

DEPENDENCIES:
  - Alamofire (~> 5.4.4)
  - BaiduMapKit (~> 6.0.0)
  - HandyJSON
  - IQKeyboardManager
  - JXBanner
  - JXPagingView
  - JXSegmentedView
  - LookinServer
  - MJRefresh
  - RTRootNavigationController
  - SDWebImage/MapKit
  - SnapKit
  - SVProgressHUD
  - TZImagePickerController
  - YYText

SPEC REPOS:
  https://github.com/CocoaPods/Specs.git:
    - BaiduMapKit
  trunk:
    - Alamofire
    - HandyJSON
    - IQKeyboardManager
    - JXBanner
    - JXPageControl
    - JXPagingView
    - JXSegmentedView
    - LookinServer
    - MJRefresh
    - RTRootNavigationController
    - SDWebImage
    - SnapKit
    - SVProgressHUD
    - TZImagePickerController
    - YYText

SPEC CHECKSUMS:
  Alamofire: f3b09a368f1582ab751b3fff5460276e0d2cf5c9
  BaiduMapKit: e21e4c72533f263aa3c73e3b0ea13b37e7038f62
  HandyJSON: 9e4e236f5d2dbefad5155a77417bbea438201c03
  IQKeyboardManager: ef43ce1ba1e5aaf4adf222c0a46f39761f246879
  JXBanner: 348dbef856e786494cbf30fb45d6b84826f2d3c5
  JXPageControl: e9487b39e2e58fc17790833214f3b8e935bef98b
  JXPagingView: 90924b364a2ff7e94db534fad1fa50925ff69ee4
  JXSegmentedView: fec0d335355b6e019c494fe2e030bde8a36d2df6
  LookinServer: 2893f2bae53cbf3fd49bbe1a8ea1745582ef1317
  MJRefresh: fdf5e979eb406a0341468932d1dfc8b7f9fce961
  RTRootNavigationController: 36c6301870f0467f89d69f4286795340b537d473
  SDWebImage: d47d81bea8a77187896b620dc79c3c528e8906b9
  SnapKit: e01d52ebb8ddbc333eefe2132acf85c8227d9c25
  SVProgressHUD: 1428aafac632c1f86f62aa4243ec12008d7a51d6
  TZImagePickerController: e9909edbadf7381140efc5b5c9f5bdbfd630f7d4
  YYText: 5c461d709e24d55a182d1441c41dc639a18a4849

PODFILE CHECKSUM: c2852568e5148fafaa2e2770152da704f86f58a4

COCOAPODS: 1.12.1
