// !$*UTF8*$!
{
	archiveVersion = 1;
	classes = {
	};
	objectVersion = 56;
	objects = {

/* Begin PBXBuildFile section */
		0514FC52F004317C81F7A98C /* Pods_BaiduMap.framework in Frameworks */ = {isa = PBXBuildFile; fileRef = F53A6E563622DF28D6A96EA9 /* Pods_BaiduMap.framework */; };
		E10BAEA72BE0FBE60088EAAC /* RootViewController.swift in Sources */ = {isa = PBXBuildFile; fileRef = E10BAEA62BE0FBE60088EAAC /* RootViewController.swift */; };
		E19F48262BD7983B00754E38 /* UIImage.swift in Sources */ = {isa = PBXBuildFile; fileRef = E19F48242BD7983B00754E38 /* UIImage.swift */; };
		E19F48272BD7983B00754E38 /* UIColor.swift in Sources */ = {isa = PBXBuildFile; fileRef = E19F48252BD7983B00754E38 /* UIColor.swift */; };
		E19F48442BD79A8100754E38 /* BaseViewController.swift in Sources */ = {isa = PBXBuildFile; fileRef = E19F48432BD79A8100754E38 /* BaseViewController.swift */; };
		E19F48462BD79A9E00754E38 /* UIFontExt.swift in Sources */ = {isa = PBXBuildFile; fileRef = E19F48452BD79A9E00754E38 /* UIFontExt.swift */; };
		E19F48532BD7A38B00754E38 /* UILabelExt.swift in Sources */ = {isa = PBXBuildFile; fileRef = E19F484F2BD7A38B00754E38 /* UILabelExt.swift */; };
		E19F48542BD7A38B00754E38 /* Common.swift in Sources */ = {isa = PBXBuildFile; fileRef = E19F48502BD7A38B00754E38 /* Common.swift */; };
		E19F48552BD7A38B00754E38 /* BundleExt.swift in Sources */ = {isa = PBXBuildFile; fileRef = E19F48512BD7A38B00754E38 /* BundleExt.swift */; };
		E19F48562BD7A38B00754E38 /* AdapterExt.swift in Sources */ = {isa = PBXBuildFile; fileRef = E19F48522BD7A38B00754E38 /* AdapterExt.swift */; };
		E19F485C2BD7A6E800754E38 /* MapViewController.swift in Sources */ = {isa = PBXBuildFile; fileRef = E19F485B2BD7A6E800754E38 /* MapViewController.swift */; };
		E1C775EC2BEA041300C9919D /* MapCenterAnnotationView.swift in Sources */ = {isa = PBXBuildFile; fileRef = E1C775EB2BEA041300C9919D /* MapCenterAnnotationView.swift */; };
		E1DC14952BF748D10075A175 /* ZULocationModel.swift in Sources */ = {isa = PBXBuildFile; fileRef = E1DC14942BF748D10075A175 /* ZULocationModel.swift */; };
		E1DC14982BF74DC40075A175 /* suggestionLocationCell.swift in Sources */ = {isa = PBXBuildFile; fileRef = E1DC14972BF74DC40075A175 /* suggestionLocationCell.swift */; };
		E1E95FD32BD794BB00CEE618 /* AppDelegate.swift in Sources */ = {isa = PBXBuildFile; fileRef = E1E95FD22BD794BB00CEE618 /* AppDelegate.swift */; };
		E1E95FDA2BD794BB00CEE618 /* Main.storyboard in Resources */ = {isa = PBXBuildFile; fileRef = E1E95FD82BD794BB00CEE618 /* Main.storyboard */; };
		E1E95FDC2BD794BD00CEE618 /* Assets.xcassets in Resources */ = {isa = PBXBuildFile; fileRef = E1E95FDB2BD794BD00CEE618 /* Assets.xcassets */; };
		E1E95FDF2BD794BD00CEE618 /* LaunchScreen.storyboard in Resources */ = {isa = PBXBuildFile; fileRef = E1E95FDD2BD794BD00CEE618 /* LaunchScreen.storyboard */; };
		E1F0BB132BF5E47E0052818C /* AddressSearchViewController.swift in Sources */ = {isa = PBXBuildFile; fileRef = E1F0BB122BF5E47E0052818C /* AddressSearchViewController.swift */; };
/* End PBXBuildFile section */

/* Begin PBXFileReference section */
		606402E3CCE78046CB1A7BE6 /* Pods-BaiduMap.release.xcconfig */ = {isa = PBXFileReference; includeInIndex = 1; lastKnownFileType = text.xcconfig; name = "Pods-BaiduMap.release.xcconfig"; path = "Target Support Files/Pods-BaiduMap/Pods-BaiduMap.release.xcconfig"; sourceTree = "<group>"; };
		711B71156F7B1E321FBAAB28 /* Pods-BaiduMap.debug.xcconfig */ = {isa = PBXFileReference; includeInIndex = 1; lastKnownFileType = text.xcconfig; name = "Pods-BaiduMap.debug.xcconfig"; path = "Target Support Files/Pods-BaiduMap/Pods-BaiduMap.debug.xcconfig"; sourceTree = "<group>"; };
		E10BAEA62BE0FBE60088EAAC /* RootViewController.swift */ = {isa = PBXFileReference; lastKnownFileType = sourcecode.swift; path = RootViewController.swift; sourceTree = "<group>"; };
		E19F48242BD7983B00754E38 /* UIImage.swift */ = {isa = PBXFileReference; fileEncoding = 4; lastKnownFileType = sourcecode.swift; path = UIImage.swift; sourceTree = "<group>"; };
		E19F48252BD7983B00754E38 /* UIColor.swift */ = {isa = PBXFileReference; fileEncoding = 4; lastKnownFileType = sourcecode.swift; path = UIColor.swift; sourceTree = "<group>"; };
		E19F48432BD79A8100754E38 /* BaseViewController.swift */ = {isa = PBXFileReference; lastKnownFileType = sourcecode.swift; path = BaseViewController.swift; sourceTree = "<group>"; };
		E19F48452BD79A9E00754E38 /* UIFontExt.swift */ = {isa = PBXFileReference; lastKnownFileType = sourcecode.swift; path = UIFontExt.swift; sourceTree = "<group>"; };
		E19F484F2BD7A38B00754E38 /* UILabelExt.swift */ = {isa = PBXFileReference; fileEncoding = 4; lastKnownFileType = sourcecode.swift; path = UILabelExt.swift; sourceTree = "<group>"; };
		E19F48502BD7A38B00754E38 /* Common.swift */ = {isa = PBXFileReference; fileEncoding = 4; lastKnownFileType = sourcecode.swift; path = Common.swift; sourceTree = "<group>"; };
		E19F48512BD7A38B00754E38 /* BundleExt.swift */ = {isa = PBXFileReference; fileEncoding = 4; lastKnownFileType = sourcecode.swift; path = BundleExt.swift; sourceTree = "<group>"; };
		E19F48522BD7A38B00754E38 /* AdapterExt.swift */ = {isa = PBXFileReference; fileEncoding = 4; lastKnownFileType = sourcecode.swift; path = AdapterExt.swift; sourceTree = "<group>"; };
		E19F485B2BD7A6E800754E38 /* MapViewController.swift */ = {isa = PBXFileReference; lastKnownFileType = sourcecode.swift; path = MapViewController.swift; sourceTree = "<group>"; };
		E1C775EB2BEA041300C9919D /* MapCenterAnnotationView.swift */ = {isa = PBXFileReference; lastKnownFileType = sourcecode.swift; path = MapCenterAnnotationView.swift; sourceTree = "<group>"; };
		E1DC14942BF748D10075A175 /* ZULocationModel.swift */ = {isa = PBXFileReference; lastKnownFileType = sourcecode.swift; path = ZULocationModel.swift; sourceTree = "<group>"; };
		E1DC14972BF74DC40075A175 /* suggestionLocationCell.swift */ = {isa = PBXFileReference; lastKnownFileType = sourcecode.swift; path = suggestionLocationCell.swift; sourceTree = "<group>"; };
		E1E95FCF2BD794BB00CEE618 /* BaiduMap.app */ = {isa = PBXFileReference; explicitFileType = wrapper.application; includeInIndex = 0; path = BaiduMap.app; sourceTree = BUILT_PRODUCTS_DIR; };
		E1E95FD22BD794BB00CEE618 /* AppDelegate.swift */ = {isa = PBXFileReference; lastKnownFileType = sourcecode.swift; path = AppDelegate.swift; sourceTree = "<group>"; };
		E1E95FD92BD794BB00CEE618 /* Base */ = {isa = PBXFileReference; lastKnownFileType = file.storyboard; name = Base; path = Base.lproj/Main.storyboard; sourceTree = "<group>"; };
		E1E95FDB2BD794BD00CEE618 /* Assets.xcassets */ = {isa = PBXFileReference; lastKnownFileType = folder.assetcatalog; path = Assets.xcassets; sourceTree = "<group>"; };
		E1E95FDE2BD794BD00CEE618 /* Base */ = {isa = PBXFileReference; lastKnownFileType = file.storyboard; name = Base; path = Base.lproj/LaunchScreen.storyboard; sourceTree = "<group>"; };
		E1E95FE02BD794BD00CEE618 /* Info.plist */ = {isa = PBXFileReference; lastKnownFileType = text.plist.xml; path = Info.plist; sourceTree = "<group>"; };
		E1F0BB122BF5E47E0052818C /* AddressSearchViewController.swift */ = {isa = PBXFileReference; lastKnownFileType = sourcecode.swift; path = AddressSearchViewController.swift; sourceTree = "<group>"; };
		F53A6E563622DF28D6A96EA9 /* Pods_BaiduMap.framework */ = {isa = PBXFileReference; explicitFileType = wrapper.framework; includeInIndex = 0; path = Pods_BaiduMap.framework; sourceTree = BUILT_PRODUCTS_DIR; };
/* End PBXFileReference section */

/* Begin PBXFrameworksBuildPhase section */
		E1E95FCC2BD794BB00CEE618 /* Frameworks */ = {
			isa = PBXFrameworksBuildPhase;
			buildActionMask = 2147483647;
			files = (
				0514FC52F004317C81F7A98C /* Pods_BaiduMap.framework in Frameworks */,
			);
			runOnlyForDeploymentPostprocessing = 0;
		};
/* End PBXFrameworksBuildPhase section */

/* Begin PBXGroup section */
		5D0A5DAC942F85A76AA7D487 /* Frameworks */ = {
			isa = PBXGroup;
			children = (
				F53A6E563622DF28D6A96EA9 /* Pods_BaiduMap.framework */,
			);
			name = Frameworks;
			sourceTree = "<group>";
		};
		CA31FB8179E892DBBD5D61DE /* Pods */ = {
			isa = PBXGroup;
			children = (
				711B71156F7B1E321FBAAB28 /* Pods-BaiduMap.debug.xcconfig */,
				606402E3CCE78046CB1A7BE6 /* Pods-BaiduMap.release.xcconfig */,
			);
			path = Pods;
			sourceTree = "<group>";
		};
		E19F48422BD79A6100754E38 /* BaseUnit */ = {
			isa = PBXGroup;
			children = (
				E19F48432BD79A8100754E38 /* BaseViewController.swift */,
				E19F48452BD79A9E00754E38 /* UIFontExt.swift */,
				E19F48522BD7A38B00754E38 /* AdapterExt.swift */,
				E19F48512BD7A38B00754E38 /* BundleExt.swift */,
				E19F48502BD7A38B00754E38 /* Common.swift */,
				E19F484F2BD7A38B00754E38 /* UILabelExt.swift */,
			);
			path = BaseUnit;
			sourceTree = "<group>";
		};
		E1DC14962BF74D820075A175 /* Views */ = {
			isa = PBXGroup;
			children = (
				E1C775EB2BEA041300C9919D /* MapCenterAnnotationView.swift */,
				E1DC14972BF74DC40075A175 /* suggestionLocationCell.swift */,
			);
			path = Views;
			sourceTree = "<group>";
		};
		E1E95FC62BD794BB00CEE618 = {
			isa = PBXGroup;
			children = (
				E1E95FD12BD794BB00CEE618 /* BaiduMap */,
				E1E95FD02BD794BB00CEE618 /* Products */,
				CA31FB8179E892DBBD5D61DE /* Pods */,
				5D0A5DAC942F85A76AA7D487 /* Frameworks */,
			);
			sourceTree = "<group>";
		};
		E1E95FD02BD794BB00CEE618 /* Products */ = {
			isa = PBXGroup;
			children = (
				E1E95FCF2BD794BB00CEE618 /* BaiduMap.app */,
			);
			name = Products;
			sourceTree = "<group>";
		};
		E1E95FD12BD794BB00CEE618 /* BaiduMap */ = {
			isa = PBXGroup;
			children = (
				E19F48252BD7983B00754E38 /* UIColor.swift */,
				E19F48242BD7983B00754E38 /* UIImage.swift */,
				E1E95FD22BD794BB00CEE618 /* AppDelegate.swift */,
				E10BAEA62BE0FBE60088EAAC /* RootViewController.swift */,
				E19F485B2BD7A6E800754E38 /* MapViewController.swift */,
				E1F0BB122BF5E47E0052818C /* AddressSearchViewController.swift */,
				E1DC14942BF748D10075A175 /* ZULocationModel.swift */,
				E1DC14962BF74D820075A175 /* Views */,
				E19F48422BD79A6100754E38 /* BaseUnit */,
				E1E95FD82BD794BB00CEE618 /* Main.storyboard */,
				E1E95FDB2BD794BD00CEE618 /* Assets.xcassets */,
				E1E95FDD2BD794BD00CEE618 /* LaunchScreen.storyboard */,
				E1E95FE02BD794BD00CEE618 /* Info.plist */,
			);
			path = BaiduMap;
			sourceTree = "<group>";
		};
/* End PBXGroup section */

/* Begin PBXNativeTarget section */
		E1E95FCE2BD794BB00CEE618 /* BaiduMap */ = {
			isa = PBXNativeTarget;
			buildConfigurationList = E1E95FE32BD794BD00CEE618 /* Build configuration list for PBXNativeTarget "BaiduMap" */;
			buildPhases = (
				CEFB67D881C541823B1D6B80 /* [CP] Check Pods Manifest.lock */,
				E1E95FCB2BD794BB00CEE618 /* Sources */,
				E1E95FCC2BD794BB00CEE618 /* Frameworks */,
				E1E95FCD2BD794BB00CEE618 /* Resources */,
				38F17DDD72A3419541723BC5 /* [CP] Embed Pods Frameworks */,
				37C006CCCF3386A4C42341D4 /* [CP] Copy Pods Resources */,
			);
			buildRules = (
			);
			dependencies = (
			);
			name = BaiduMap;
			productName = BaiduMap;
			productReference = E1E95FCF2BD794BB00CEE618 /* BaiduMap.app */;
			productType = "com.apple.product-type.application";
		};
/* End PBXNativeTarget section */

/* Begin PBXProject section */
		E1E95FC72BD794BB00CEE618 /* Project object */ = {
			isa = PBXProject;
			attributes = {
				BuildIndependentTargetsInParallel = 1;
				LastSwiftUpdateCheck = 1510;
				LastUpgradeCheck = 1510;
				TargetAttributes = {
					E1E95FCE2BD794BB00CEE618 = {
						CreatedOnToolsVersion = 15.1;
					};
				};
			};
			buildConfigurationList = E1E95FCA2BD794BB00CEE618 /* Build configuration list for PBXProject "BaiduMap" */;
			compatibilityVersion = "Xcode 14.0";
			developmentRegion = en;
			hasScannedForEncodings = 0;
			knownRegions = (
				en,
				Base,
			);
			mainGroup = E1E95FC62BD794BB00CEE618;
			productRefGroup = E1E95FD02BD794BB00CEE618 /* Products */;
			projectDirPath = "";
			projectRoot = "";
			targets = (
				E1E95FCE2BD794BB00CEE618 /* BaiduMap */,
			);
		};
/* End PBXProject section */

/* Begin PBXResourcesBuildPhase section */
		E1E95FCD2BD794BB00CEE618 /* Resources */ = {
			isa = PBXResourcesBuildPhase;
			buildActionMask = 2147483647;
			files = (
				E1E95FDF2BD794BD00CEE618 /* LaunchScreen.storyboard in Resources */,
				E1E95FDC2BD794BD00CEE618 /* Assets.xcassets in Resources */,
				E1E95FDA2BD794BB00CEE618 /* Main.storyboard in Resources */,
			);
			runOnlyForDeploymentPostprocessing = 0;
		};
/* End PBXResourcesBuildPhase section */

/* Begin PBXShellScriptBuildPhase section */
		37C006CCCF3386A4C42341D4 /* [CP] Copy Pods Resources */ = {
			isa = PBXShellScriptBuildPhase;
			buildActionMask = 2147483647;
			files = (
			);
			inputFileListPaths = (
				"${PODS_ROOT}/Target Support Files/Pods-BaiduMap/Pods-BaiduMap-resources-${CONFIGURATION}-input-files.xcfilelist",
			);
			name = "[CP] Copy Pods Resources";
			outputFileListPaths = (
				"${PODS_ROOT}/Target Support Files/Pods-BaiduMap/Pods-BaiduMap-resources-${CONFIGURATION}-output-files.xcfilelist",
			);
			runOnlyForDeploymentPostprocessing = 0;
			shellPath = /bin/sh;
			shellScript = "\"${PODS_ROOT}/Target Support Files/Pods-BaiduMap/Pods-BaiduMap-resources.sh\"\n";
			showEnvVarsInLog = 0;
		};
		38F17DDD72A3419541723BC5 /* [CP] Embed Pods Frameworks */ = {
			isa = PBXShellScriptBuildPhase;
			buildActionMask = 2147483647;
			files = (
			);
			inputFileListPaths = (
				"${PODS_ROOT}/Target Support Files/Pods-BaiduMap/Pods-BaiduMap-frameworks-${CONFIGURATION}-input-files.xcfilelist",
			);
			name = "[CP] Embed Pods Frameworks";
			outputFileListPaths = (
				"${PODS_ROOT}/Target Support Files/Pods-BaiduMap/Pods-BaiduMap-frameworks-${CONFIGURATION}-output-files.xcfilelist",
			);
			runOnlyForDeploymentPostprocessing = 0;
			shellPath = /bin/sh;
			shellScript = "\"${PODS_ROOT}/Target Support Files/Pods-BaiduMap/Pods-BaiduMap-frameworks.sh\"\n";
			showEnvVarsInLog = 0;
		};
		CEFB67D881C541823B1D6B80 /* [CP] Check Pods Manifest.lock */ = {
			isa = PBXShellScriptBuildPhase;
			buildActionMask = 2147483647;
			files = (
			);
			inputFileListPaths = (
			);
			inputPaths = (
				"${PODS_PODFILE_DIR_PATH}/Podfile.lock",
				"${PODS_ROOT}/Manifest.lock",
			);
			name = "[CP] Check Pods Manifest.lock";
			outputFileListPaths = (
			);
			outputPaths = (
				"$(DERIVED_FILE_DIR)/Pods-BaiduMap-checkManifestLockResult.txt",
			);
			runOnlyForDeploymentPostprocessing = 0;
			shellPath = /bin/sh;
			shellScript = "diff \"${PODS_PODFILE_DIR_PATH}/Podfile.lock\" \"${PODS_ROOT}/Manifest.lock\" > /dev/null\nif [ $? != 0 ] ; then\n    # print error to STDERR\n    echo \"error: The sandbox is not in sync with the Podfile.lock. Run 'pod install' or update your CocoaPods installation.\" >&2\n    exit 1\nfi\n# This output is used by Xcode 'outputs' to avoid re-running this script phase.\necho \"SUCCESS\" > \"${SCRIPT_OUTPUT_FILE_0}\"\n";
			showEnvVarsInLog = 0;
		};
/* End PBXShellScriptBuildPhase section */

/* Begin PBXSourcesBuildPhase section */
		E1E95FCB2BD794BB00CEE618 /* Sources */ = {
			isa = PBXSourcesBuildPhase;
			buildActionMask = 2147483647;
			files = (
				E19F485C2BD7A6E800754E38 /* MapViewController.swift in Sources */,
				E19F48542BD7A38B00754E38 /* Common.swift in Sources */,
				E19F48442BD79A8100754E38 /* BaseViewController.swift in Sources */,
				E1DC14982BF74DC40075A175 /* suggestionLocationCell.swift in Sources */,
				E10BAEA72BE0FBE60088EAAC /* RootViewController.swift in Sources */,
				E1F0BB132BF5E47E0052818C /* AddressSearchViewController.swift in Sources */,
				E19F48552BD7A38B00754E38 /* BundleExt.swift in Sources */,
				E19F48462BD79A9E00754E38 /* UIFontExt.swift in Sources */,
				E1DC14952BF748D10075A175 /* ZULocationModel.swift in Sources */,
				E19F48262BD7983B00754E38 /* UIImage.swift in Sources */,
				E19F48532BD7A38B00754E38 /* UILabelExt.swift in Sources */,
				E19F48562BD7A38B00754E38 /* AdapterExt.swift in Sources */,
				E1C775EC2BEA041300C9919D /* MapCenterAnnotationView.swift in Sources */,
				E1E95FD32BD794BB00CEE618 /* AppDelegate.swift in Sources */,
				E19F48272BD7983B00754E38 /* UIColor.swift in Sources */,
			);
			runOnlyForDeploymentPostprocessing = 0;
		};
/* End PBXSourcesBuildPhase section */

/* Begin PBXVariantGroup section */
		E1E95FD82BD794BB00CEE618 /* Main.storyboard */ = {
			isa = PBXVariantGroup;
			children = (
				E1E95FD92BD794BB00CEE618 /* Base */,
			);
			name = Main.storyboard;
			sourceTree = "<group>";
		};
		E1E95FDD2BD794BD00CEE618 /* LaunchScreen.storyboard */ = {
			isa = PBXVariantGroup;
			children = (
				E1E95FDE2BD794BD00CEE618 /* Base */,
			);
			name = LaunchScreen.storyboard;
			sourceTree = "<group>";
		};
/* End PBXVariantGroup section */

/* Begin XCBuildConfiguration section */
		E1E95FE12BD794BD00CEE618 /* Debug */ = {
			isa = XCBuildConfiguration;
			buildSettings = {
				ALWAYS_SEARCH_USER_PATHS = NO;
				ASSETCATALOG_COMPILER_GENERATE_SWIFT_ASSET_SYMBOL_EXTENSIONS = YES;
				CLANG_ANALYZER_NONNULL = YES;
				CLANG_ANALYZER_NUMBER_OBJECT_CONVERSION = YES_AGGRESSIVE;
				CLANG_CXX_LANGUAGE_STANDARD = "gnu++20";
				CLANG_ENABLE_MODULES = YES;
				CLANG_ENABLE_OBJC_ARC = YES;
				CLANG_ENABLE_OBJC_WEAK = YES;
				CLANG_WARN_BLOCK_CAPTURE_AUTORELEASING = YES;
				CLANG_WARN_BOOL_CONVERSION = YES;
				CLANG_WARN_COMMA = YES;
				CLANG_WARN_CONSTANT_CONVERSION = YES;
				CLANG_WARN_DEPRECATED_OBJC_IMPLEMENTATIONS = YES;
				CLANG_WARN_DIRECT_OBJC_ISA_USAGE = YES_ERROR;
				CLANG_WARN_DOCUMENTATION_COMMENTS = YES;
				CLANG_WARN_EMPTY_BODY = YES;
				CLANG_WARN_ENUM_CONVERSION = YES;
				CLANG_WARN_INFINITE_RECURSION = YES;
				CLANG_WARN_INT_CONVERSION = YES;
				CLANG_WARN_NON_LITERAL_NULL_CONVERSION = YES;
				CLANG_WARN_OBJC_IMPLICIT_RETAIN_SELF = YES;
				CLANG_WARN_OBJC_LITERAL_CONVERSION = YES;
				CLANG_WARN_OBJC_ROOT_CLASS = YES_ERROR;
				CLANG_WARN_QUOTED_INCLUDE_IN_FRAMEWORK_HEADER = YES;
				CLANG_WARN_RANGE_LOOP_ANALYSIS = YES;
				CLANG_WARN_STRICT_PROTOTYPES = YES;
				CLANG_WARN_SUSPICIOUS_MOVE = YES;
				CLANG_WARN_UNGUARDED_AVAILABILITY = YES_AGGRESSIVE;
				CLANG_WARN_UNREACHABLE_CODE = YES;
				CLANG_WARN__DUPLICATE_METHOD_MATCH = YES;
				COPY_PHASE_STRIP = NO;
				DEBUG_INFORMATION_FORMAT = dwarf;
				ENABLE_STRICT_OBJC_MSGSEND = YES;
				ENABLE_TESTABILITY = YES;
				ENABLE_USER_SCRIPT_SANDBOXING = NO;
				GCC_C_LANGUAGE_STANDARD = gnu17;
				GCC_DYNAMIC_NO_PIC = NO;
				GCC_NO_COMMON_BLOCKS = YES;
				GCC_OPTIMIZATION_LEVEL = 0;
				GCC_PREPROCESSOR_DEFINITIONS = (
					"DEBUG=1",
					"$(inherited)",
				);
				GCC_WARN_64_TO_32_BIT_CONVERSION = YES;
				GCC_WARN_ABOUT_RETURN_TYPE = YES_ERROR;
				GCC_WARN_UNDECLARED_SELECTOR = YES;
				GCC_WARN_UNINITIALIZED_AUTOS = YES_AGGRESSIVE;
				GCC_WARN_UNUSED_FUNCTION = YES;
				GCC_WARN_UNUSED_VARIABLE = YES;
				IPHONEOS_DEPLOYMENT_TARGET = 12.0;
				LOCALIZATION_PREFERS_STRING_CATALOGS = YES;
				MTL_ENABLE_DEBUG_INFO = INCLUDE_SOURCE;
				MTL_FAST_MATH = YES;
				ONLY_ACTIVE_ARCH = YES;
				SDKROOT = iphoneos;
				SWIFT_ACTIVE_COMPILATION_CONDITIONS = "DEBUG $(inherited)";
				SWIFT_OPTIMIZATION_LEVEL = "-Onone";
			};
			name = Debug;
		};
		E1E95FE22BD794BD00CEE618 /* Release */ = {
			isa = XCBuildConfiguration;
			buildSettings = {
				ALWAYS_SEARCH_USER_PATHS = NO;
				ASSETCATALOG_COMPILER_GENERATE_SWIFT_ASSET_SYMBOL_EXTENSIONS = YES;
				CLANG_ANALYZER_NONNULL = YES;
				CLANG_ANALYZER_NUMBER_OBJECT_CONVERSION = YES_AGGRESSIVE;
				CLANG_CXX_LANGUAGE_STANDARD = "gnu++20";
				CLANG_ENABLE_MODULES = YES;
				CLANG_ENABLE_OBJC_ARC = YES;
				CLANG_ENABLE_OBJC_WEAK = YES;
				CLANG_WARN_BLOCK_CAPTURE_AUTORELEASING = YES;
				CLANG_WARN_BOOL_CONVERSION = YES;
				CLANG_WARN_COMMA = YES;
				CLANG_WARN_CONSTANT_CONVERSION = YES;
				CLANG_WARN_DEPRECATED_OBJC_IMPLEMENTATIONS = YES;
				CLANG_WARN_DIRECT_OBJC_ISA_USAGE = YES_ERROR;
				CLANG_WARN_DOCUMENTATION_COMMENTS = YES;
				CLANG_WARN_EMPTY_BODY = YES;
				CLANG_WARN_ENUM_CONVERSION = YES;
				CLANG_WARN_INFINITE_RECURSION = YES;
				CLANG_WARN_INT_CONVERSION = YES;
				CLANG_WARN_NON_LITERAL_NULL_CONVERSION = YES;
				CLANG_WARN_OBJC_IMPLICIT_RETAIN_SELF = YES;
				CLANG_WARN_OBJC_LITERAL_CONVERSION = YES;
				CLANG_WARN_OBJC_ROOT_CLASS = YES_ERROR;
				CLANG_WARN_QUOTED_INCLUDE_IN_FRAMEWORK_HEADER = YES;
				CLANG_WARN_RANGE_LOOP_ANALYSIS = YES;
				CLANG_WARN_STRICT_PROTOTYPES = YES;
				CLANG_WARN_SUSPICIOUS_MOVE = YES;
				CLANG_WARN_UNGUARDED_AVAILABILITY = YES_AGGRESSIVE;
				CLANG_WARN_UNREACHABLE_CODE = YES;
				CLANG_WARN__DUPLICATE_METHOD_MATCH = YES;
				COPY_PHASE_STRIP = NO;
				DEBUG_INFORMATION_FORMAT = "dwarf-with-dsym";
				ENABLE_NS_ASSERTIONS = NO;
				ENABLE_STRICT_OBJC_MSGSEND = YES;
				ENABLE_USER_SCRIPT_SANDBOXING = NO;
				GCC_C_LANGUAGE_STANDARD = gnu17;
				GCC_NO_COMMON_BLOCKS = YES;
				GCC_WARN_64_TO_32_BIT_CONVERSION = YES;
				GCC_WARN_ABOUT_RETURN_TYPE = YES_ERROR;
				GCC_WARN_UNDECLARED_SELECTOR = YES;
				GCC_WARN_UNINITIALIZED_AUTOS = YES_AGGRESSIVE;
				GCC_WARN_UNUSED_FUNCTION = YES;
				GCC_WARN_UNUSED_VARIABLE = YES;
				IPHONEOS_DEPLOYMENT_TARGET = 12.0;
				LOCALIZATION_PREFERS_STRING_CATALOGS = YES;
				MTL_ENABLE_DEBUG_INFO = NO;
				MTL_FAST_MATH = YES;
				SDKROOT = iphoneos;
				SWIFT_COMPILATION_MODE = wholemodule;
				VALIDATE_PRODUCT = YES;
			};
			name = Release;
		};
		E1E95FE42BD794BD00CEE618 /* Debug */ = {
			isa = XCBuildConfiguration;
			baseConfigurationReference = 711B71156F7B1E321FBAAB28 /* Pods-BaiduMap.debug.xcconfig */;
			buildSettings = {
				ASSETCATALOG_COMPILER_APPICON_NAME = AppIcon;
				ASSETCATALOG_COMPILER_GLOBAL_ACCENT_COLOR_NAME = AccentColor;
				CODE_SIGN_STYLE = Automatic;
				CURRENT_PROJECT_VERSION = 1;
				DEVELOPMENT_TEAM = G3SCVM92F3;
				GENERATE_INFOPLIST_FILE = YES;
				INFOPLIST_FILE = BaiduMap/Info.plist;
				INFOPLIST_KEY_CFBundleDisplayName = "百度地图Demo";
				INFOPLIST_KEY_LSApplicationCategoryType = "";
				INFOPLIST_KEY_UIApplicationSupportsIndirectInputEvents = YES;
				INFOPLIST_KEY_UILaunchStoryboardName = LaunchScreen;
				INFOPLIST_KEY_UIMainStoryboardFile = Main;
				INFOPLIST_KEY_UISupportedInterfaceOrientations_iPad = "UIInterfaceOrientationPortrait UIInterfaceOrientationPortraitUpsideDown UIInterfaceOrientationLandscapeLeft UIInterfaceOrientationLandscapeRight";
				INFOPLIST_KEY_UISupportedInterfaceOrientations_iPhone = "UIInterfaceOrientationPortrait UIInterfaceOrientationLandscapeLeft UIInterfaceOrientationLandscapeRight";
				IPHONEOS_DEPLOYMENT_TARGET = 12.0;
				LD_RUNPATH_SEARCH_PATHS = (
					"$(inherited)",
					"@executable_path/Frameworks",
				);
				MARKETING_VERSION = 1.0;
				PRODUCT_BUNDLE_IDENTIFIER = com.danjiu.BaiduMap;
				PRODUCT_NAME = "$(TARGET_NAME)";
				SWIFT_EMIT_LOC_STRINGS = YES;
				SWIFT_OBJC_BRIDGING_HEADER = "";
				SWIFT_VERSION = 5.0;
				TARGETED_DEVICE_FAMILY = "1,2";
			};
			name = Debug;
		};
		E1E95FE52BD794BD00CEE618 /* Release */ = {
			isa = XCBuildConfiguration;
			baseConfigurationReference = 606402E3CCE78046CB1A7BE6 /* Pods-BaiduMap.release.xcconfig */;
			buildSettings = {
				ASSETCATALOG_COMPILER_APPICON_NAME = AppIcon;
				ASSETCATALOG_COMPILER_GLOBAL_ACCENT_COLOR_NAME = AccentColor;
				CODE_SIGN_STYLE = Automatic;
				CURRENT_PROJECT_VERSION = 1;
				DEVELOPMENT_TEAM = G3SCVM92F3;
				GENERATE_INFOPLIST_FILE = YES;
				INFOPLIST_FILE = BaiduMap/Info.plist;
				INFOPLIST_KEY_CFBundleDisplayName = "百度地图Demo";
				INFOPLIST_KEY_LSApplicationCategoryType = "";
				INFOPLIST_KEY_UIApplicationSupportsIndirectInputEvents = YES;
				INFOPLIST_KEY_UILaunchStoryboardName = LaunchScreen;
				INFOPLIST_KEY_UIMainStoryboardFile = Main;
				INFOPLIST_KEY_UISupportedInterfaceOrientations_iPad = "UIInterfaceOrientationPortrait UIInterfaceOrientationPortraitUpsideDown UIInterfaceOrientationLandscapeLeft UIInterfaceOrientationLandscapeRight";
				INFOPLIST_KEY_UISupportedInterfaceOrientations_iPhone = "UIInterfaceOrientationPortrait UIInterfaceOrientationLandscapeLeft UIInterfaceOrientationLandscapeRight";
				IPHONEOS_DEPLOYMENT_TARGET = 12.0;
				LD_RUNPATH_SEARCH_PATHS = (
					"$(inherited)",
					"@executable_path/Frameworks",
				);
				MARKETING_VERSION = 1.0;
				PRODUCT_BUNDLE_IDENTIFIER = com.danjiu.BaiduMap;
				PRODUCT_NAME = "$(TARGET_NAME)";
				SWIFT_EMIT_LOC_STRINGS = YES;
				SWIFT_OBJC_BRIDGING_HEADER = "";
				SWIFT_VERSION = 5.0;
				TARGETED_DEVICE_FAMILY = "1,2";
			};
			name = Release;
		};
/* End XCBuildConfiguration section */

/* Begin XCConfigurationList section */
		E1E95FCA2BD794BB00CEE618 /* Build configuration list for PBXProject "BaiduMap" */ = {
			isa = XCConfigurationList;
			buildConfigurations = (
				E1E95FE12BD794BD00CEE618 /* Debug */,
				E1E95FE22BD794BD00CEE618 /* Release */,
			);
			defaultConfigurationIsVisible = 0;
			defaultConfigurationName = Release;
		};
		E1E95FE32BD794BD00CEE618 /* Build configuration list for PBXNativeTarget "BaiduMap" */ = {
			isa = XCConfigurationList;
			buildConfigurations = (
				E1E95FE42BD794BD00CEE618 /* Debug */,
				E1E95FE52BD794BD00CEE618 /* Release */,
			);
			defaultConfigurationIsVisible = 0;
			defaultConfigurationName = Release;
		};
/* End XCConfigurationList section */
	};
	rootObject = E1E95FC72BD794BB00CEE618 /* Project object */;
}
